// !$*UTF8*$!
{
	archiveVersion = 1;
	classes = {
	};
	objectVersion = 55;
	objects = {

/* Begin PBXBuildFile section */
		9A14481727D332F90004D4E3 /* AppDelegate.swift in Sources */ = {isa = PBXBuildFile; fileRef = 9A14481627D332F90004D4E3 /* AppDelegate.swift */; };
		9A14481927D332F90004D4E3 /* SceneDelegate.swift in Sources */ = {isa = PBXBuildFile; fileRef = 9A14481827D332F90004D4E3 /* SceneDelegate.swift */; };
		9A14481B27D332F90004D4E3 /* WelcomeViewController.swift in Sources */ = {isa = PBXBuildFile; fileRef = 9A14481A27D332F90004D4E3 /* WelcomeViewController.swift */; };
		9A14481E27D332F90004D4E3 /* Main.storyboard in Resources */ = {isa = PBXBuildFile; fileRef = 9A14481C27D332F90004D4E3 /* Main.storyboard */; };
		9A14482127D332F90004D4E3 /* ResortFeedback_IOS.xcdatamodeld in Sources */ = {isa = PBXBuildFile; fileRef = 9A14481F27D332F90004D4E3 /* ResortFeedback_IOS.xcdatamodeld */; };
		9A14482327D332FC0004D4E3 /* Assets.xcassets in Resources */ = {isa = PBXBuildFile; fileRef = 9A14482227D332FC0004D4E3 /* Assets.xcassets */; };
		9A14482627D332FC0004D4E3 /* LaunchScreen.storyboard in Resources */ = {isa = PBXBuildFile; fileRef = 9A14482427D332FC0004D4E3 /* LaunchScreen.storyboard */; };
		9A14483227D35A030004D4E3 /* RegisterViewController.swift in Sources */ = {isa = PBXBuildFile; fileRef = 9A14483127D35A030004D4E3 /* RegisterViewController.swift */; };
		9A14483427D35A1E0004D4E3 /* LoginViewController.swift in Sources */ = {isa = PBXBuildFile; fileRef = 9A14483327D35A1E0004D4E3 /* LoginViewController.swift */; };
		9A14483927D362220004D4E3 /* User+CoreDataClass.swift in Sources */ = {isa = PBXBuildFile; fileRef = 9A14483727D362220004D4E3 /* User+CoreDataClass.swift */; };
		9A14483A27D362220004D4E3 /* User+CoreDataProperties.swift in Sources */ = {isa = PBXBuildFile; fileRef = 9A14483827D362220004D4E3 /* User+CoreDataProperties.swift */; };
		9A14483C27D362690004D4E3 /* DBManager.swift in Sources */ = {isa = PBXBuildFile; fileRef = 9A14483B27D362690004D4E3 /* DBManager.swift */; };
		9A53931127D48F550018CACC /* HomeViewController.swift in Sources */ = {isa = PBXBuildFile; fileRef = 9A53931027D48F550018CACC /* HomeViewController.swift */; };
		9A53931327D493540018CACC /* Constants.swift in Sources */ = {isa = PBXBuildFile; fileRef = 9A53931227D493540018CACC /* Constants.swift */; };
		9A53932627D5285B0018CACC /* HomeCollectionViewCell.swift in Sources */ = {isa = PBXBuildFile; fileRef = 9A53932427D5285B0018CACC /* HomeCollectionViewCell.swift */; };
		9A53932727D5285B0018CACC /* HomeCollectionViewCell.xib in Resources */ = {isa = PBXBuildFile; fileRef = 9A53932527D5285B0018CACC /* HomeCollectionViewCell.xib */; };
		9A53932A27D533920018CACC /* UserData.swift in Sources */ = {isa = PBXBuildFile; fileRef = 9A53932927D533920018CACC /* UserData.swift */; };
		9A53932C27D53CDB0018CACC /* SurveyOptionsViewController.swift in Sources */ = {isa = PBXBuildFile; fileRef = 9A53932B27D53CDB0018CACC /* SurveyOptionsViewController.swift */; };
		9A53932F27D53D070018CACC /* SurveyOptionsCollectionViewCell.swift in Sources */ = {isa = PBXBuildFile; fileRef = 9A53932D27D53D070018CACC /* SurveyOptionsCollectionViewCell.swift */; };
		9A53933027D53D070018CACC /* SurveyOptionsCollectionViewCell.xib in Resources */ = {isa = PBXBuildFile; fileRef = 9A53932E27D53D070018CACC /* SurveyOptionsCollectionViewCell.xib */; };
		9A53933627D561880018CACC /* FoodSurveyViewController.swift in Sources */ = {isa = PBXBuildFile; fileRef = 9A53933527D561880018CACC /* FoodSurveyViewController.swift */; };
		9A53934327D5B73F0018CACC /* FoodSurvey+CoreDataClass.swift in Sources */ = {isa = PBXBuildFile; fileRef = 9A53934127D5B73F0018CACC /* FoodSurvey+CoreDataClass.swift */; };
		9A53934427D5B73F0018CACC /* FoodSurvey+CoreDataProperties.swift in Sources */ = {isa = PBXBuildFile; fileRef = 9A53934227D5B73F0018CACC /* FoodSurvey+CoreDataProperties.swift */; };
		9A57B43827D9D9DD00EA5815 /* EditRatingsViewController.swift in Sources */ = {isa = PBXBuildFile; fileRef = 9A57B43727D9D9DD00EA5815 /* EditRatingsViewController.swift */; };
		9A57B43A27D9DFD200EA5815 /* EditFoodSurveyViewController.swift in Sources */ = {isa = PBXBuildFile; fileRef = 9A57B43927D9DFD200EA5815 /* EditFoodSurveyViewController.swift */; };
		9A57B43D27D9E32600EA5815 /* EditFoodTableViewCell.swift in Sources */ = {isa = PBXBuildFile; fileRef = 9A57B43B27D9E32600EA5815 /* EditFoodTableViewCell.swift */; };
		9A57B43E27D9E32600EA5815 /* EditFoodTableViewCell.xib in Resources */ = {isa = PBXBuildFile; fileRef = 9A57B43C27D9E32600EA5815 /* EditFoodTableViewCell.xib */; };
		9A96BDC427D7B0E9009905A0 /* FoodTableViewCell.swift in Sources */ = {isa = PBXBuildFile; fileRef = 9A96BDC227D7B0E9009905A0 /* FoodTableViewCell.swift */; };
		9A96BDC527D7B0E9009905A0 /* FoodTableViewCell.xib in Resources */ = {isa = PBXBuildFile; fileRef = 9A96BDC327D7B0E9009905A0 /* FoodTableViewCell.xib */; };
		9ACBB99627D97C5100DB0059 /* UnderConstructionViewController.swift in Sources */ = {isa = PBXBuildFile; fileRef = 9ACBB99527D97C5100DB0059 /* UnderConstructionViewController.swift */; };
		9AFFF7DA27D86A280011B3E6 /* DeleteTableViewCell.swift in Sources */ = {isa = PBXBuildFile; fileRef = 9AFFF7D827D86A280011B3E6 /* DeleteTableViewCell.swift */; };
		9AFFF7DB27D86A280011B3E6 /* DeleteTableViewCell.xib in Resources */ = {isa = PBXBuildFile; fileRef = 9AFFF7D927D86A280011B3E6 /* DeleteTableViewCell.xib */; };
		9AFFF7DD27D86BA30011B3E6 /* DeleteViewController.swift in Sources */ = {isa = PBXBuildFile; fileRef = 9AFFF7DC27D86BA30011B3E6 /* DeleteViewController.swift */; };
		9AFFF7DF27D8857A0011B3E6 /* OverAllFeedbackViewController.swift in Sources */ = {isa = PBXBuildFile; fileRef = 9AFFF7DE27D8857A0011B3E6 /* OverAllFeedbackViewController.swift */; };
/* End PBXBuildFile section */

/* Begin PBXFileReference section */
		9A14481327D332F90004D4E3 /* ResortFeedback-IOS.app */ = {isa = PBXFileReference; explicitFileType = wrapper.application; includeInIndex = 0; path = "ResortFeedback-IOS.app"; sourceTree = BUILT_PRODUCTS_DIR; };
		9A14481627D332F90004D4E3 /* AppDelegate.swift */ = {isa = PBXFileReference; lastKnownFileType = sourcecode.swift; path = AppDelegate.swift; sourceTree = "<group>"; };
		9A14481827D332F90004D4E3 /* SceneDelegate.swift */ = {isa = PBXFileReference; lastKnownFileType = sourcecode.swift; path = SceneDelegate.swift; sourceTree = "<group>"; };
		9A14481A27D332F90004D4E3 /* WelcomeViewController.swift */ = {isa = PBXFileReference; lastKnownFileType = sourcecode.swift; path = WelcomeViewController.swift; sourceTree = "<group>"; };
		9A14481D27D332F90004D4E3 /* Base */ = {isa = PBXFileReference; lastKnownFileType = file.storyboard; name = Base; path = Base.lproj/Main.storyboard; sourceTree = "<group>"; };
		9A14482027D332F90004D4E3 /* ResortFeedback_IOS.xcdatamodel */ = {isa = PBXFileReference; lastKnownFileType = wrapper.xcdatamodel; path = ResortFeedback_IOS.xcdatamodel; sourceTree = "<group>"; };
		9A14482227D332FC0004D4E3 /* Assets.xcassets */ = {isa = PBXFileReference; lastKnownFileType = folder.assetcatalog; path = Assets.xcassets; sourceTree = "<group>"; };
		9A14482527D332FC0004D4E3 /* Base */ = {isa = PBXFileReference; lastKnownFileType = file.storyboard; name = Base; path = Base.lproj/LaunchScreen.storyboard; sourceTree = "<group>"; };
		9A14482727D332FC0004D4E3 /* Info.plist */ = {isa = PBXFileReference; lastKnownFileType = text.plist.xml; path = Info.plist; sourceTree = "<group>"; };
		9A14483127D35A030004D4E3 /* RegisterViewController.swift */ = {isa = PBXFileReference; lastKnownFileType = sourcecode.swift; name = RegisterViewController.swift; path = "ResortFeedback-IOS/Controllers/RegisterViewController.swift"; sourceTree = SOURCE_ROOT; };
		9A14483327D35A1E0004D4E3 /* LoginViewController.swift */ = {isa = PBXFileReference; lastKnownFileType = sourcecode.swift; path = LoginViewController.swift; sourceTree = "<group>"; };
		9A14483727D362220004D4E3 /* User+CoreDataClass.swift */ = {isa = PBXFileReference; lastKnownFileType = sourcecode.swift; path = "User+CoreDataClass.swift"; sourceTree = "<group>"; };
		9A14483827D362220004D4E3 /* User+CoreDataProperties.swift */ = {isa = PBXFileReference; lastKnownFileType = sourcecode.swift; path = "User+CoreDataProperties.swift"; sourceTree = "<group>"; };
		9A14483B27D362690004D4E3 /* DBManager.swift */ = {isa = PBXFileReference; lastKnownFileType = sourcecode.swift; path = DBManager.swift; sourceTree = "<group>"; };
		9A53931027D48F550018CACC /* HomeViewController.swift */ = {isa = PBXFileReference; lastKnownFileType = sourcecode.swift; path = HomeViewController.swift; sourceTree = "<group>"; };
		9A53931227D493540018CACC /* Constants.swift */ = {isa = PBXFileReference; lastKnownFileType = sourcecode.swift; path = Constants.swift; sourceTree = "<group>"; };
		9A53932427D5285B0018CACC /* HomeCollectionViewCell.swift */ = {isa = PBXFileReference; lastKnownFileType = sourcecode.swift; path = HomeCollectionViewCell.swift; sourceTree = "<group>"; };
		9A53932527D5285B0018CACC /* HomeCollectionViewCell.xib */ = {isa = PBXFileReference; lastKnownFileType = file.xib; path = HomeCollectionViewCell.xib; sourceTree = "<group>"; };
		9A53932927D533920018CACC /* UserData.swift */ = {isa = PBXFileReference; lastKnownFileType = sourcecode.swift; path = UserData.swift; sourceTree = "<group>"; };
		9A53932B27D53CDB0018CACC /* SurveyOptionsViewController.swift */ = {isa = PBXFileReference; lastKnownFileType = sourcecode.swift; path = SurveyOptionsViewController.swift; sourceTree = "<group>"; };
		9A53932D27D53D070018CACC /* SurveyOptionsCollectionViewCell.swift */ = {isa = PBXFileReference; lastKnownFileType = sourcecode.swift; path = SurveyOptionsCollectionViewCell.swift; sourceTree = "<group>"; };
		9A53932E27D53D070018CACC /* SurveyOptionsCollectionViewCell.xib */ = {isa = PBXFileReference; lastKnownFileType = file.xib; path = SurveyOptionsCollectionViewCell.xib; sourceTree = "<group>"; };
		9A53933527D561880018CACC /* FoodSurveyViewController.swift */ = {isa = PBXFileReference; lastKnownFileType = sourcecode.swift; path = FoodSurveyViewController.swift; sourceTree = "<group>"; };
		9A53934127D5B73F0018CACC /* FoodSurvey+CoreDataClass.swift */ = {isa = PBXFileReference; lastKnownFileType = sourcecode.swift; path = "FoodSurvey+CoreDataClass.swift"; sourceTree = "<group>"; };
		9A53934227D5B73F0018CACC /* FoodSurvey+CoreDataProperties.swift */ = {isa = PBXFileReference; lastKnownFileType = sourcecode.swift; path = "FoodSurvey+CoreDataProperties.swift"; sourceTree = "<group>"; };
		9A57B43727D9D9DD00EA5815 /* EditRatingsViewController.swift */ = {isa = PBXFileReference; lastKnownFileType = sourcecode.swift; path = EditRatingsViewController.swift; sourceTree = "<group>"; };
		9A57B43927D9DFD200EA5815 /* EditFoodSurveyViewController.swift */ = {isa = PBXFileReference; lastKnownFileType = sourcecode.swift; name = EditFoodSurveyViewController.swift; path = "ResortFeedback-IOS/Views/EditFoodSurveyViewController.swift"; sourceTree = SOURCE_ROOT; };
		9A57B43B27D9E32600EA5815 /* EditFoodTableViewCell.swift */ = {isa = PBXFileReference; fileEncoding = 4; lastKnownFileType = sourcecode.swift; path = EditFoodTableViewCell.swift; sourceTree = "<group>"; };
		9A57B43C27D9E32600EA5815 /* EditFoodTableViewCell.xib */ = {isa = PBXFileReference; fileEncoding = 4; lastKnownFileType = file.xib; path = EditFoodTableViewCell.xib; sourceTree = "<group>"; };
		9A96BDC227D7B0E9009905A0 /* FoodTableViewCell.swift */ = {isa = PBXFileReference; lastKnownFileType = sourcecode.swift; path = FoodTableViewCell.swift; sourceTree = "<group>"; };
		9A96BDC327D7B0E9009905A0 /* FoodTableViewCell.xib */ = {isa = PBXFileReference; lastKnownFileType = file.xib; path = FoodTableViewCell.xib; sourceTree = "<group>"; };
		9ACBB99527D97C5100DB0059 /* UnderConstructionViewController.swift */ = {isa = PBXFileReference; lastKnownFileType = sourcecode.swift; path = UnderConstructionViewController.swift; sourceTree = "<group>"; };
		9AE8185427D5D0D800C49554 /* README.md */ = {isa = PBXFileReference; lastKnownFileType = net.daringfireball.markdown; path = README.md; sourceTree = "<group>"; };
		9AFFF7D827D86A280011B3E6 /* DeleteTableViewCell.swift */ = {isa = PBXFileReference; lastKnownFileType = sourcecode.swift; path = DeleteTableViewCell.swift; sourceTree = "<group>"; };
		9AFFF7D927D86A280011B3E6 /* DeleteTableViewCell.xib */ = {isa = PBXFileReference; lastKnownFileType = file.xib; path = DeleteTableViewCell.xib; sourceTree = "<group>"; };
		9AFFF7DC27D86BA30011B3E6 /* DeleteViewController.swift */ = {isa = PBXFileReference; lastKnownFileType = sourcecode.swift; path = DeleteViewController.swift; sourceTree = "<group>"; };
		9AFFF7DE27D8857A0011B3E6 /* OverAllFeedbackViewController.swift */ = {isa = PBXFileReference; lastKnownFileType = sourcecode.swift; path = OverAllFeedbackViewController.swift; sourceTree = "<group>"; };
/* End PBXFileReference section */

/* Begin PBXFrameworksBuildPhase section */
		9A14481027D332F90004D4E3 /* Frameworks */ = {
			isa = PBXFrameworksBuildPhase;
			buildActionMask = 2147483647;
			files = (
			);
			runOnlyForDeploymentPostprocessing = 0;
		};
/* End PBXFrameworksBuildPhase section */

/* Begin PBXGroup section */
		9A14480A27D332F90004D4E3 = {
			isa = PBXGroup;
			children = (
				9AE8185427D5D0D800C49554 /* README.md */,
				9A53934127D5B73F0018CACC /* FoodSurvey+CoreDataClass.swift */,
				9A53934227D5B73F0018CACC /* FoodSurvey+CoreDataProperties.swift */,
				9A14483B27D362690004D4E3 /* DBManager.swift */,
				9A14483727D362220004D4E3 /* User+CoreDataClass.swift */,
				9A14483827D362220004D4E3 /* User+CoreDataProperties.swift */,
				9A14481527D332F90004D4E3 /* ResortFeedback-IOS */,
				9A14481427D332F90004D4E3 /* Products */,
			);
			sourceTree = "<group>";
		};
		9A14481427D332F90004D4E3 /* Products */ = {
			isa = PBXGroup;
			children = (
				9A14481327D332F90004D4E3 /* ResortFeedback-IOS.app */,
			);
			name = Products;
			sourceTree = "<group>";
		};
		9A14481527D332F90004D4E3 /* ResortFeedback-IOS */ = {
			isa = PBXGroup;
			children = (
				9A14481627D332F90004D4E3 /* AppDelegate.swift */,
				9A14481827D332F90004D4E3 /* SceneDelegate.swift */,
				9A14482D27D3330B0004D4E3 /* Views */,
				9A53932827D5336A0018CACC /* Models */,
				9A14482E27D333230004D4E3 /* Controllers */,
				9A14482227D332FC0004D4E3 /* Assets.xcassets */,
				9A14482427D332FC0004D4E3 /* LaunchScreen.storyboard */,
				9A14482727D332FC0004D4E3 /* Info.plist */,
				9A14481F27D332F90004D4E3 /* ResortFeedback_IOS.xcdatamodeld */,
			);
			path = "ResortFeedback-IOS";
			sourceTree = "<group>";
		};
		9A14482D27D3330B0004D4E3 /* Views */ = {
			isa = PBXGroup;
			children = (
				9A14481C27D332F90004D4E3 /* Main.storyboard */,
				9AFFF7D827D86A280011B3E6 /* DeleteTableViewCell.swift */,
				9AFFF7D927D86A280011B3E6 /* DeleteTableViewCell.xib */,
				9A53932427D5285B0018CACC /* HomeCollectionViewCell.swift */,
				9A53932527D5285B0018CACC /* HomeCollectionViewCell.xib */,
				9A53932D27D53D070018CACC /* SurveyOptionsCollectionViewCell.swift */,
				9A53932E27D53D070018CACC /* SurveyOptionsCollectionViewCell.xib */,
				9A96BDC227D7B0E9009905A0 /* FoodTableViewCell.swift */,
				9A96BDC327D7B0E9009905A0 /* FoodTableViewCell.xib */,
				9A57B43B27D9E32600EA5815 /* EditFoodTableViewCell.swift */,
				9A57B43C27D9E32600EA5815 /* EditFoodTableViewCell.xib */,
			);
			path = Views;
			sourceTree = "<group>";
		};
		9A14482E27D333230004D4E3 /* Controllers */ = {
			isa = PBXGroup;
			children = (
				9A57B43927D9DFD200EA5815 /* EditFoodSurveyViewController.swift */,
				9A14481A27D332F90004D4E3 /* WelcomeViewController.swift */,
				9A14483127D35A030004D4E3 /* RegisterViewController.swift */,
				9A14483327D35A1E0004D4E3 /* LoginViewController.swift */,
				9A53931027D48F550018CACC /* HomeViewController.swift */,
				9AFFF7DC27D86BA30011B3E6 /* DeleteViewController.swift */,
				9A53932B27D53CDB0018CACC /* SurveyOptionsViewController.swift */,
				9A53933527D561880018CACC /* FoodSurveyViewController.swift */,
				9AFFF7DE27D8857A0011B3E6 /* OverAllFeedbackViewController.swift */,
				9ACBB99527D97C5100DB0059 /* UnderConstructionViewController.swift */,
				9A57B43727D9D9DD00EA5815 /* EditRatingsViewController.swift */,
			);
			path = Controllers;
			sourceTree = "<group>";
		};
		9A53932827D5336A0018CACC /* Models */ = {
			isa = PBXGroup;
			children = (
				9A53932927D533920018CACC /* UserData.swift */,
				9A53931227D493540018CACC /* Constants.swift */,
			);
			path = Models;
			sourceTree = "<group>";
		};
/* End PBXGroup section */

/* Begin PBXNativeTarget section */
		9A14481227D332F90004D4E3 /* ResortFeedback-IOS */ = {
			isa = PBXNativeTarget;
			buildConfigurationList = 9A14482A27D332FC0004D4E3 /* Build configuration list for PBXNativeTarget "ResortFeedback-IOS" */;
			buildPhases = (
				9A14480F27D332F90004D4E3 /* Sources */,
				9A14481027D332F90004D4E3 /* Frameworks */,
				9A14481127D332F90004D4E3 /* Resources */,
			);
			buildRules = (
			);
			dependencies = (
			);
			name = "ResortFeedback-IOS";
			productName = "ResortFeedback-IOS";
			productReference = 9A14481327D332F90004D4E3 /* ResortFeedback-IOS.app */;
			productType = "com.apple.product-type.application";
		};
/* End PBXNativeTarget section */

/* Begin PBXProject section */
		9A14480B27D332F90004D4E3 /* Project object */ = {
			isa = PBXProject;
			attributes = {
				BuildIndependentTargetsInParallel = 1;
				LastSwiftUpdateCheck = 1320;
				LastUpgradeCheck = 1320;
				TargetAttributes = {
					9A14481227D332F90004D4E3 = {
						CreatedOnToolsVersion = 13.2.1;
					};
				};
			};
			buildConfigurationList = 9A14480E27D332F90004D4E3 /* Build configuration list for PBXProject "ResortFeedback-IOS" */;
			compatibilityVersion = "Xcode 13.0";
			developmentRegion = en;
			hasScannedForEncodings = 0;
			knownRegions = (
				en,
				Base,
			);
			mainGroup = 9A14480A27D332F90004D4E3;
			productRefGroup = 9A14481427D332F90004D4E3 /* Products */;
			projectDirPath = "";
			projectRoot = "";
			targets = (
				9A14481227D332F90004D4E3 /* ResortFeedback-IOS */,
			);
		};
/* End PBXProject section */

/* Begin PBXResourcesBuildPhase section */
		9A14481127D332F90004D4E3 /* Resources */ = {
			isa = PBXResourcesBuildPhase;
			buildActionMask = 2147483647;
			files = (
				9A53932727D5285B0018CACC /* HomeCollectionViewCell.xib in Resources */,
				9AFFF7DB27D86A280011B3E6 /* DeleteTableViewCell.xib in Resources */,
				9A96BDC527D7B0E9009905A0 /* FoodTableViewCell.xib in Resources */,
				9A57B43E27D9E32600EA5815 /* EditFoodTableViewCell.xib in Resources */,
				9A53933027D53D070018CACC /* SurveyOptionsCollectionViewCell.xib in Resources */,
				9A14482627D332FC0004D4E3 /* LaunchScreen.storyboard in Resources */,
				9A14482327D332FC0004D4E3 /* Assets.xcassets in Resources */,
				9A14481E27D332F90004D4E3 /* Main.storyboard in Resources */,
			);
			runOnlyForDeploymentPostprocessing = 0;
		};
/* End PBXResourcesBuildPhase section */

/* Begin PBXSourcesBuildPhase section */
		9A14480F27D332F90004D4E3 /* Sources */ = {
			isa = PBXSourcesBuildPhase;
			buildActionMask = 2147483647;
			files = (
				9A14483427D35A1E0004D4E3 /* LoginViewController.swift in Sources */,
				9A53932F27D53D070018CACC /* SurveyOptionsCollectionViewCell.swift in Sources */,
				9AFFF7DA27D86A280011B3E6 /* DeleteTableViewCell.swift in Sources */,
				9A14481B27D332F90004D4E3 /* WelcomeViewController.swift in Sources */,
				9A14483227D35A030004D4E3 /* RegisterViewController.swift in Sources */,
				9AFFF7DF27D8857A0011B3E6 /* OverAllFeedbackViewController.swift in Sources */,
				9A53932A27D533920018CACC /* UserData.swift in Sources */,
				9A57B43827D9D9DD00EA5815 /* EditRatingsViewController.swift in Sources */,
				9A53932C27D53CDB0018CACC /* SurveyOptionsViewController.swift in Sources */,
				9ACBB99627D97C5100DB0059 /* UnderConstructionViewController.swift in Sources */,
				9A14482127D332F90004D4E3 /* ResortFeedback_IOS.xcdatamodeld in Sources */,
				9A57B43D27D9E32600EA5815 /* EditFoodTableViewCell.swift in Sources */,
				9A53934427D5B73F0018CACC /* FoodSurvey+CoreDataProperties.swift in Sources */,
				9A53934327D5B73F0018CACC /* FoodSurvey+CoreDataClass.swift in Sources */,
				9A14483C27D362690004D4E3 /* DBManager.swift in Sources */,
				9A14481727D332F90004D4E3 /* AppDelegate.swift in Sources */,
				9A53932627D5285B0018CACC /* HomeCollectionViewCell.swift in Sources */,
				9A57B43A27D9DFD200EA5815 /* EditFoodSurveyViewController.swift in Sources */,
				9A53931127D48F550018CACC /* HomeViewController.swift in Sources */,
				9A53933627D561880018CACC /* FoodSurveyViewController.swift in Sources */,
				9A14483927D362220004D4E3 /* User+CoreDataClass.swift in Sources */,
				9AFFF7DD27D86BA30011B3E6 /* DeleteViewController.swift in Sources */,
				9A96BDC427D7B0E9009905A0 /* FoodTableViewCell.swift in Sources */,
				9A14481927D332F90004D4E3 /* SceneDelegate.swift in Sources */,
				9A14483A27D362220004D4E3 /* User+CoreDataProperties.swift in Sources */,
				9A53931327D493540018CACC /* Constants.swift in Sources */,
			);
			runOnlyForDeploymentPostprocessing = 0;
		};
/* End PBXSourcesBuildPhase section */

/* Begin PBXVariantGroup section */
		9A14481C27D332F90004D4E3 /* Main.storyboard */ = {
			isa = PBXVariantGroup;
			children = (
				9A14481D27D332F90004D4E3 /* Base */,
			);
			name = Main.storyboard;
			sourceTree = "<group>";
		};
		9A14482427D332FC0004D4E3 /* LaunchScreen.storyboard */ = {
			isa = PBXVariantGroup;
			children = (
				9A14482527D332FC0004D4E3 /* Base */,
			);
			name = LaunchScreen.storyboard;
			sourceTree = "<group>";
		};
/* End PBXVariantGroup section */

/* Begin XCBuildConfiguration section */
		9A14482827D332FC0004D4E3 /* Debug */ = {
			isa = XCBuildConfiguration;
			buildSettings = {
				ALWAYS_SEARCH_USER_PATHS = NO;
				CLANG_ANALYZER_NONNULL = YES;
				CLANG_ANALYZER_NUMBER_OBJECT_CONVERSION = YES_AGGRESSIVE;
				CLANG_CXX_LANGUAGE_STANDARD = "gnu++17";
				CLANG_CXX_LIBRARY = "libc++";
				CLANG_ENABLE_MODULES = YES;
				CLANG_ENABLE_OBJC_ARC = YES;
				CLANG_ENABLE_OBJC_WEAK = YES;
				CLANG_WARN_BLOCK_CAPTURE_AUTORELEASING = YES;
				CLANG_WARN_BOOL_CONVERSION = YES;
				CLANG_WARN_COMMA = YES;
				CLANG_WARN_CONSTANT_CONVERSION = YES;
				CLANG_WARN_DEPRECATED_OBJC_IMPLEMENTATIONS = YES;
				CLANG_WARN_DIRECT_OBJC_ISA_USAGE = YES_ERROR;
				CLANG_WARN_DOCUMENTATION_COMMENTS = YES;
				CLANG_WARN_EMPTY_BODY = YES;
				CLANG_WARN_ENUM_CONVERSION = YES;
				CLANG_WARN_INFINITE_RECURSION = YES;
				CLANG_WARN_INT_CONVERSION = YES;
				CLANG_WARN_NON_LITERAL_NULL_CONVERSION = YES;
				CLANG_WARN_OBJC_IMPLICIT_RETAIN_SELF = YES;
				CLANG_WARN_OBJC_LITERAL_CONVERSION = YES;
				CLANG_WARN_OBJC_ROOT_CLASS = YES_ERROR;
				CLANG_WARN_QUOTED_INCLUDE_IN_FRAMEWORK_HEADER = YES;
				CLANG_WARN_RANGE_LOOP_ANALYSIS = YES;
				CLANG_WARN_STRICT_PROTOTYPES = YES;
				CLANG_WARN_SUSPICIOUS_MOVE = YES;
				CLANG_WARN_UNGUARDED_AVAILABILITY = YES_AGGRESSIVE;
				CLANG_WARN_UNREACHABLE_CODE = YES;
				CLANG_WARN__DUPLICATE_METHOD_MATCH = YES;
				COPY_PHASE_STRIP = NO;
				DEBUG_INFORMATION_FORMAT = dwarf;
				ENABLE_STRICT_OBJC_MSGSEND = YES;
				ENABLE_TESTABILITY = YES;
				GCC_C_LANGUAGE_STANDARD = gnu11;
				GCC_DYNAMIC_NO_PIC = NO;
				GCC_NO_COMMON_BLOCKS = YES;
				GCC_OPTIMIZATION_LEVEL = 0;
				GCC_PREPROCESSOR_DEFINITIONS = (
					"DEBUG=1",
					"$(inherited)",
				);
				GCC_WARN_64_TO_32_BIT_CONVERSION = YES;
				GCC_WARN_ABOUT_RETURN_TYPE = YES_ERROR;
				GCC_WARN_UNDECLARED_SELECTOR = YES;
				GCC_WARN_UNINITIALIZED_AUTOS = YES_AGGRESSIVE;
				GCC_WARN_UNUSED_FUNCTION = YES;
				GCC_WARN_UNUSED_VARIABLE = YES;
				IPHONEOS_DEPLOYMENT_TARGET = 15.2;
				MTL_ENABLE_DEBUG_INFO = INCLUDE_SOURCE;
				MTL_FAST_MATH = YES;
				ONLY_ACTIVE_ARCH = YES;
				SDKROOT = iphoneos;
				SWIFT_ACTIVE_COMPILATION_CONDITIONS = DEBUG;
				SWIFT_OPTIMIZATION_LEVEL = "-Onone";
			};
			name = Debug;
		};
		9A14482927D332FC0004D4E3 /* Release */ = {
			isa = XCBuildConfiguration;
			buildSettings = {
				ALWAYS_SEARCH_USER_PATHS = NO;
				CLANG_ANALYZER_NONNULL = YES;
				CLANG_ANALYZER_NUMBER_OBJECT_CONVERSION = YES_AGGRESSIVE;
				CLANG_CXX_LANGUAGE_STANDARD = "gnu++17";
				CLANG_CXX_LIBRARY = "libc++";
				CLANG_ENABLE_MODULES = YES;
				CLANG_ENABLE_OBJC_ARC = YES;
				CLANG_ENABLE_OBJC_WEAK = YES;
				CLANG_WARN_BLOCK_CAPTURE_AUTORELEASING = YES;
				CLANG_WARN_BOOL_CONVERSION = YES;
				CLANG_WARN_COMMA = YES;
				CLANG_WARN_CONSTANT_CONVERSION = YES;
				CLANG_WARN_DEPRECATED_OBJC_IMPLEMENTATIONS = YES;
				CLANG_WARN_DIRECT_OBJC_ISA_USAGE = YES_ERROR;
				CLANG_WARN_DOCUMENTATION_COMMENTS = YES;
				CLANG_WARN_EMPTY_BODY = YES;
				CLANG_WARN_ENUM_CONVERSION = YES;
				CLANG_WARN_INFINITE_RECURSION = YES;
				CLANG_WARN_INT_CONVERSION = YES;
				CLANG_WARN_NON_LITERAL_NULL_CONVERSION = YES;
				CLANG_WARN_OBJC_IMPLICIT_RETAIN_SELF = YES;
				CLANG_WARN_OBJC_LITERAL_CONVERSION = YES;
				CLANG_WARN_OBJC_ROOT_CLASS = YES_ERROR;
				CLANG_WARN_QUOTED_INCLUDE_IN_FRAMEWORK_HEADER = YES;
				CLANG_WARN_RANGE_LOOP_ANALYSIS = YES;
				CLANG_WARN_STRICT_PROTOTYPES = YES;
				CLANG_WARN_SUSPICIOUS_MOVE = YES;
				CLANG_WARN_UNGUARDED_AVAILABILITY = YES_AGGRESSIVE;
				CLANG_WARN_UNREACHABLE_CODE = YES;
				CLANG_WARN__DUPLICATE_METHOD_MATCH = YES;
				COPY_PHASE_STRIP = NO;
				DEBUG_INFORMATION_FORMAT = "dwarf-with-dsym";
				ENABLE_NS_ASSERTIONS = NO;
				ENABLE_STRICT_OBJC_MSGSEND = YES;
				GCC_C_LANGUAGE_STANDARD = gnu11;
				GCC_NO_COMMON_BLOCKS = YES;
				GCC_WARN_64_TO_32_BIT_CONVERSION = YES;
				GCC_WARN_ABOUT_RETURN_TYPE = YES_ERROR;
				GCC_WARN_UNDECLARED_SELECTOR = YES;
				GCC_WARN_UNINITIALIZED_AUTOS = YES_AGGRESSIVE;
				GCC_WARN_UNUSED_FUNCTION = YES;
				GCC_WARN_UNUSED_VARIABLE = YES;
				IPHONEOS_DEPLOYMENT_TARGET = 15.2;
				MTL_ENABLE_DEBUG_INFO = NO;
				MTL_FAST_MATH = YES;
				SDKROOT = iphoneos;
				SWIFT_COMPILATION_MODE = wholemodule;
				SWIFT_OPTIMIZATION_LEVEL = "-O";
				VALIDATE_PRODUCT = YES;
			};
			name = Release;
		};
		9A14482B27D332FC0004D4E3 /* Debug */ = {
			isa = XCBuildConfiguration;
			buildSettings = {
				ASSETCATALOG_COMPILER_APPICON_NAME = AppIcon;
				ASSETCATALOG_COMPILER_GLOBAL_ACCENT_COLOR_NAME = AccentColor;
				CODE_SIGN_STYLE = Automatic;
				CURRENT_PROJECT_VERSION = 1;
				DEVELOPMENT_TEAM = C76ZC5RLMX;
				GENERATE_INFOPLIST_FILE = YES;
				INFOPLIST_FILE = "ResortFeedback-IOS/Info.plist";
				INFOPLIST_KEY_UIApplicationSupportsIndirectInputEvents = YES;
				INFOPLIST_KEY_UILaunchStoryboardName = LaunchScreen;
				INFOPLIST_KEY_UIMainStoryboardFile = Main;
				INFOPLIST_KEY_UISupportedInterfaceOrientations_iPad = "UIInterfaceOrientationPortrait UIInterfaceOrientationPortraitUpsideDown UIInterfaceOrientationLandscapeLeft UIInterfaceOrientationLandscapeRight";
				INFOPLIST_KEY_UISupportedInterfaceOrientations_iPhone = "UIInterfaceOrientationPortrait UIInterfaceOrientationLandscapeLeft UIInterfaceOrientationLandscapeRight";
				LD_RUNPATH_SEARCH_PATHS = (
					"$(inherited)",
					"@executable_path/Frameworks",
				);
				MARKETING_VERSION = 1.0;
				PRODUCT_BUNDLE_IDENTIFIER = "com.azhellesumulong.ResortFeedback-IOS";
				PRODUCT_NAME = "$(TARGET_NAME)";
				SWIFT_EMIT_LOC_STRINGS = YES;
				SWIFT_VERSION = 5.0;
				TARGETED_DEVICE_FAMILY = 1;
			};
			name = Debug;
		};
		9A14482C27D332FC0004D4E3 /* Release */ = {
			isa = XCBuildConfiguration;
			buildSettings = {
				ASSETCATALOG_COMPILER_APPICON_NAME = AppIcon;
				ASSETCATALOG_COMPILER_GLOBAL_ACCENT_COLOR_NAME = AccentColor;
				CODE_SIGN_STYLE = Automatic;
				CURRENT_PROJECT_VERSION = 1;
				DEVELOPMENT_TEAM = C76ZC5RLMX;
				GENERATE_INFOPLIST_FILE = YES;
				INFOPLIST_FILE = "ResortFeedback-IOS/Info.plist";
				INFOPLIST_KEY_UIApplicationSupportsIndirectInputEvents = YES;
				INFOPLIST_KEY_UILaunchStoryboardName = LaunchScreen;
				INFOPLIST_KEY_UIMainStoryboardFile = Main;
				INFOPLIST_KEY_UISupportedInterfaceOrientations_iPad = "UIInterfaceOrientationPortrait UIInterfaceOrientationPortraitUpsideDown UIInterfaceOrientationLandscapeLeft UIInterfaceOrientationLandscapeRight";
				INFOPLIST_KEY_UISupportedInterfaceOrientations_iPhone = "UIInterfaceOrientationPortrait UIInterfaceOrientationLandscapeLeft UIInterfaceOrientationLandscapeRight";
				LD_RUNPATH_SEARCH_PATHS = (
					"$(inherited)",
					"@executable_path/Frameworks",
				);
				MARKETING_VERSION = 1.0;
				PRODUCT_BUNDLE_IDENTIFIER = "com.azhellesumulong.ResortFeedback-IOS";
				PRODUCT_NAME = "$(TARGET_NAME)";
				SWIFT_EMIT_LOC_STRINGS = YES;
				SWIFT_VERSION = 5.0;
				TARGETED_DEVICE_FAMILY = 1;
			};
			name = Release;
		};
/* End XCBuildConfiguration section */

/* Begin XCConfigurationList section */
		9A14480E27D332F90004D4E3 /* Build configuration list for PBXProject "ResortFeedback-IOS" */ = {
			isa = XCConfigurationList;
			buildConfigurations = (
				9A14482827D332FC0004D4E3 /* Debug */,
				9A14482927D332FC0004D4E3 /* Release */,
			);
			defaultConfigurationIsVisible = 0;
			defaultConfigurationName = Release;
		};
		9A14482A27D332FC0004D4E3 /* Build configuration list for PBXNativeTarget "ResortFeedback-IOS" */ = {
			isa = XCConfigurationList;
			buildConfigurations = (
				9A14482B27D332FC0004D4E3 /* Debug */,
				9A14482C27D332FC0004D4E3 /* Release */,
			);
			defaultConfigurationIsVisible = 0;
			defaultConfigurationName = Release;
		};
/* End XCConfigurationList section */

/* Begin XCVersionGroup section */
		9A14481F27D332F90004D4E3 /* ResortFeedback_IOS.xcdatamodeld */ = {
			isa = XCVersionGroup;
			children = (
				9A14482027D332F90004D4E3 /* ResortFeedback_IOS.xcdatamodel */,
			);
			currentVersion = 9A14482027D332F90004D4E3 /* ResortFeedback_IOS.xcdatamodel */;
			path = ResortFeedback_IOS.xcdatamodeld;
			sourceTree = "<group>";
			versionGroupType = wrapper.xcdatamodel;
		};
/* End XCVersionGroup section */
	};
	rootObject = 9A14480B27D332F90004D4E3 /* Project object */;
}
